Microsoft Visual Studio Solution File, Format Version 12.00
# Visual Studio 2012
Project("{FAE04EC0-301F-11D3-BF4B-00C04F79EFBC}") = "Heroes' Guild", "Heroes' Guild.csproj", "{F3FEE629-4132-4B48-BEAC-F340315D5C53}"
EndProject
Global
	GlobalSection(SolutionConfigurationPlatforms) = preSolution
	Debug|Any CPU = Debug|Any CPU
	ExportDebug|Any CPU = ExportDebug|Any CPU
	ExportRelease|Any CPU = ExportRelease|Any CPU
	EndGlobalSection
	GlobalSection(ProjectConfigurationPlatforms) = postSolution
		{F3FEE629-4132-4B48-BEAC-F340315D5C53}.Debug|Any CPU.ActiveCfg = Debug|Any CPU
		{F3FEE629-4132-4B48-BEAC-F340315D5C53}.Debug|Any CPU.Build.0 = Debug|Any CPU
		{F3FEE629-4132-4B48-BEAC-F340315D5C53}.ExportDebug|Any CPU.ActiveCfg = ExportDebug|Any CPU
		{F3FEE629-4132-4B48-BEAC-F340315D5C53}.ExportDebug|Any CPU.Build.0 = ExportDebug|Any CPU
		{F3FEE629-4132-4B48-BEAC-F340315D5C53}.ExportRelease|Any CPU.ActiveCfg = ExportRelease|Any CPU
		{F3FEE629-4132-4B48-BEAC-F340315D5C53}.ExportRelease|Any CPU.Build.0 = ExportRelease|Any CPU
	EndGlobalSection
EndGlobal
