Microsoft Visual Studio Solution File, Format Version 12.00
# Visual Studio Version 16
VisualStudioVersion = 16.0.30517.126
MinimumVisualStudioVersion = 10.0.40219.1
Project("{9A19103F-16F7-4668-BE54-9A1E7A4F7556}") = "Heroes' Guild", "Heroes' Guild.csproj", "{BEFA83C4-AE30-482F-8AD0-98C91178F72E}"
EndProject
Global
	GlobalSection(SolutionConfigurationPlatforms) = preSolution
		Debug|Any CPU = Debug|Any CPU
		ExportDebug|Any CPU = ExportDebug|Any CPU
		ExportExportDebug|Any CPU = ExportExportDebug|Any CPU
		ExportRelease|Any CPU = ExportRelease|Any CPU
	EndGlobalSection
	GlobalSection(ProjectConfigurationPlatforms) = postSolution
		{BEFA83C4-AE30-482F-8AD0-98C91178F72E}.Debug|Any CPU.ActiveCfg = Debug|Any CPU
		{BEFA83C4-AE30-482F-8AD0-98C91178F72E}.Debug|Any CPU.Build.0 = Debug|Any CPU
		{BEFA83C4-AE30-482F-8AD0-98C91178F72E}.ExportDebug|Any CPU.ActiveCfg = ExportDebug|Any CPU
		{BEFA83C4-AE30-482F-8AD0-98C91178F72E}.ExportDebug|Any CPU.Build.0 = ExportDebug|Any CPU
		{BEFA83C4-AE30-482F-8AD0-98C91178F72E}.ExportExportDebug|Any CPU.ActiveCfg = ExportExportDebug|Any CPU
		{BEFA83C4-AE30-482F-8AD0-98C91178F72E}.ExportExportDebug|Any CPU.Build.0 = ExportExportDebug|Any CPU
		{BEFA83C4-AE30-482F-8AD0-98C91178F72E}.ExportRelease|Any CPU.ActiveCfg = ExportRelease|Any CPU
		{BEFA83C4-AE30-482F-8AD0-98C91178F72E}.ExportRelease|Any CPU.Build.0 = ExportRelease|Any CPU
	EndGlobalSection
	GlobalSection(SolutionProperties) = preSolution
		HideSolutionNode = FALSE
	EndGlobalSection
	GlobalSection(ExtensibilityGlobals) = postSolution
		SolutionGuid = {4C389831-354D-4701-9ABA-BCEC03283809}
	EndGlobalSection
EndGlobal
